
Microsoft Visual Studio Solution File, Format Version 12.00
# Visual Studio Version 16
VisualStudioVersion = 16.0.31129.286
MinimumVisualStudioVersion = 10.0.40219.1
Project("{FAE04EC0-301F-11D3-BF4B-00C04F79EFBC}") = "YazanSozluk", "YazanSozluk\YazanSozluk.csproj", "{82788276-5497-496D-90AF-056F54FB047A}"
EndProject
Project("{FAE04EC0-301F-11D3-BF4B-00C04F79EFBC}") = "EntityLayer", "EntityLayer\EntityLayer.csproj", "{7DC15DB2-C01D-4FE3-B30D-D80ED2C7ED60}"
EndProject
Project("{FAE04EC0-301F-11D3-BF4B-00C04F79EFBC}") = "BusinessLayer", "BusinessLayer\BusinessLayer.csproj", "{698B7D42-6CD5-4BB8-AF72-92EEBB26FB30}"
EndProject
Project("{FAE04EC0-301F-11D3-BF4B-00C04F79EFBC}") = "DataAccessLayer", "DataAccessLayer\DataAccessLayer.csproj", "{F601F6A3-CBC2-4321-891D-2B49781247E7}"
EndProject
Global
	GlobalSection(SolutionConfigurationPlatforms) = preSolution
		Debug|Any CPU = Debug|Any CPU
		Release|Any CPU = Release|Any CPU
	EndGlobalSection
	GlobalSection(ProjectConfigurationPlatforms) = postSolution
		{82788276-5497-496D-90AF-056F54FB047A}.Debug|Any CPU.ActiveCfg = Debug|Any CPU
		{82788276-5497-496D-90AF-056F54FB047A}.Debug|Any CPU.Build.0 = Debug|Any CPU
		{82788276-5497-496D-90AF-056F54FB047A}.Release|Any CPU.ActiveCfg = Release|Any CPU
		{82788276-5497-496D-90AF-056F54FB047A}.Release|Any CPU.Build.0 = Release|Any CPU
		{7DC15DB2-C01D-4FE3-B30D-D80ED2C7ED60}.Debug|Any CPU.ActiveCfg = Debug|Any CPU
		{7DC15DB2-C01D-4FE3-B30D-D80ED2C7ED60}.Debug|Any CPU.Build.0 = Debug|Any CPU
		{7DC15DB2-C01D-4FE3-B30D-D80ED2C7ED60}.Release|Any CPU.ActiveCfg = Release|Any CPU
		{7DC15DB2-C01D-4FE3-B30D-D80ED2C7ED60}.Release|Any CPU.Build.0 = Release|Any CPU
		{698B7D42-6CD5-4BB8-AF72-92EEBB26FB30}.Debug|Any CPU.ActiveCfg = Debug|Any CPU
		{698B7D42-6CD5-4BB8-AF72-92EEBB26FB30}.Debug|Any CPU.Build.0 = Debug|Any CPU
		{698B7D42-6CD5-4BB8-AF72-92EEBB26FB30}.Release|Any CPU.ActiveCfg = Release|Any CPU
		{698B7D42-6CD5-4BB8-AF72-92EEBB26FB30}.Release|Any CPU.Build.0 = Release|Any CPU
		{F601F6A3-CBC2-4321-891D-2B49781247E7}.Debug|Any CPU.ActiveCfg = Debug|Any CPU
		{F601F6A3-CBC2-4321-891D-2B49781247E7}.Debug|Any CPU.Build.0 = Debug|Any CPU
		{F601F6A3-CBC2-4321-891D-2B49781247E7}.Release|Any CPU.ActiveCfg = Release|Any CPU
		{F601F6A3-CBC2-4321-891D-2B49781247E7}.Release|Any CPU.Build.0 = Release|Any CPU
	EndGlobalSection
	GlobalSection(SolutionProperties) = preSolution
		HideSolutionNode = FALSE
	EndGlobalSection
	GlobalSection(ExtensibilityGlobals) = postSolution
		SolutionGuid = {A55EB7CF-352C-4977-8A21-94DE4AB519B8}
	EndGlobalSection
EndGlobal
